
Microsoft Visual Studio Solution File, Format Version 12.00
# Visual Studio 14
VisualStudioVersion = 14.0.24720.0
MinimumVisualStudioVersion = 10.0.40219.1
Project("{FAE04EC0-301F-11D3-BF4B-00C04F79EFBC}") = "AppProyecto", "AppProyecto\AppProyecto.csproj", "{EE54F362-8DC6-4475-BF4F-B3B101364920}"
EndProject
Project("{FAE04EC0-301F-11D3-BF4B-00C04F79EFBC}") = "Logica", "Logica\Logica.csproj", "{E37259E6-33DA-499A-82B5-BC54D9B9B4AA}"
EndProject
Global
	GlobalSection(SolutionConfigurationPlatforms) = preSolution
		Debug|Any CPU = Debug|Any CPU
		Release|Any CPU = Release|Any CPU
	EndGlobalSection
	GlobalSection(ProjectConfigurationPlatforms) = postSolution
		{EE54F362-8DC6-4475-BF4F-B3B101364920}.Debug|Any CPU.ActiveCfg = Debug|Any CPU
		{EE54F362-8DC6-4475-BF4F-B3B101364920}.Debug|Any CPU.Build.0 = Debug|Any CPU
		{EE54F362-8DC6-4475-BF4F-B3B101364920}.Release|Any CPU.ActiveCfg = Release|Any CPU
		{EE54F362-8DC6-4475-BF4F-B3B101364920}.Release|Any CPU.Build.0 = Release|Any CPU
		{E37259E6-33DA-499A-82B5-BC54D9B9B4AA}.Debug|Any CPU.ActiveCfg = Debug|Any CPU
		{E37259E6-33DA-499A-82B5-BC54D9B9B4AA}.Debug|Any CPU.Build.0 = Debug|Any CPU
		{E37259E6-33DA-499A-82B5-BC54D9B9B4AA}.Release|Any CPU.ActiveCfg = Release|Any CPU
		{E37259E6-33DA-499A-82B5-BC54D9B9B4AA}.Release|Any CPU.Build.0 = Release|Any CPU
	EndGlobalSection
	GlobalSection(SolutionProperties) = preSolution
		HideSolutionNode = FALSE
	EndGlobalSection
EndGlobal
